
Microsoft Visual Studio Solution File, Format Version 12.00
# Visual Studio 15
VisualStudioVersion = 15.0.27428.2037
MinimumVisualStudioVersion = 10.0.40219.1
Project("{FAE04EC0-301F-11D3-BF4B-00C04F79EFBC}") = "FinanceManagement", "FinanceManagement\FinanceManagement.csproj", "{6FB7A49B-06D2-4B20-B3A0-34886FD4A20D}"
EndProject
Project("{9A19103F-16F7-4668-BE54-9A1E7A4F7556}") = "FinanceManagementUi", "FinanceManagementUi\FinanceManagementUi.csproj", "{F89A0F8E-B8A2-4B82-A75D-70FDEF371EF0}"
EndProject
Global
	GlobalSection(SolutionConfigurationPlatforms) = preSolution
		Debug|Any CPU = Debug|Any CPU
		Release|Any CPU = Release|Any CPU
	EndGlobalSection
	GlobalSection(ProjectConfigurationPlatforms) = postSolution
		{6FB7A49B-06D2-4B20-B3A0-34886FD4A20D}.Debug|Any CPU.ActiveCfg = Debug|Any CPU
		{6FB7A49B-06D2-4B20-B3A0-34886FD4A20D}.Debug|Any CPU.Build.0 = Debug|Any CPU
		{6FB7A49B-06D2-4B20-B3A0-34886FD4A20D}.Release|Any CPU.ActiveCfg = Release|Any CPU
		{6FB7A49B-06D2-4B20-B3A0-34886FD4A20D}.Release|Any CPU.Build.0 = Release|Any CPU
		{F89A0F8E-B8A2-4B82-A75D-70FDEF371EF0}.Debug|Any CPU.ActiveCfg = Debug|Any CPU
		{F89A0F8E-B8A2-4B82-A75D-70FDEF371EF0}.Debug|Any CPU.Build.0 = Debug|Any CPU
		{F89A0F8E-B8A2-4B82-A75D-70FDEF371EF0}.Release|Any CPU.ActiveCfg = Release|Any CPU
		{F89A0F8E-B8A2-4B82-A75D-70FDEF371EF0}.Release|Any CPU.Build.0 = Release|Any CPU
	EndGlobalSection
	GlobalSection(SolutionProperties) = preSolution
		HideSolutionNode = FALSE
	EndGlobalSection
	GlobalSection(ExtensibilityGlobals) = postSolution
		SolutionGuid = {B1FD4DBF-AE0E-4314-8C4C-9A7AFC053B8F}
	EndGlobalSection
EndGlobal
