
Microsoft Visual Studio Solution File, Format Version 12.00
# Visual Studio 14
VisualStudioVersion = 14.0.25420.1
MinimumVisualStudioVersion = 10.0.40219.1
Project("{FAE04EC0-301F-11D3-BF4B-00C04F79EFBC}") = "FinanceManagement", "FinanceManagement\FinanceManagement.csproj", "{6FB7A49B-06D2-4B20-B3A0-34886FD4A20D}"
EndProject
Project("{FAE04EC0-301F-11D3-BF4B-00C04F79EFBC}") = "TestConsole", "TestConsole\TestConsole.csproj", "{A9DD1D00-73CE-44DF-880B-67F545723680}"
EndProject
Global
	GlobalSection(SolutionConfigurationPlatforms) = preSolution
		Debug|Any CPU = Debug|Any CPU
		Release|Any CPU = Release|Any CPU
	EndGlobalSection
	GlobalSection(ProjectConfigurationPlatforms) = postSolution
		{6FB7A49B-06D2-4B20-B3A0-34886FD4A20D}.Debug|Any CPU.ActiveCfg = Debug|Any CPU
		{6FB7A49B-06D2-4B20-B3A0-34886FD4A20D}.Debug|Any CPU.Build.0 = Debug|Any CPU
		{6FB7A49B-06D2-4B20-B3A0-34886FD4A20D}.Release|Any CPU.ActiveCfg = Release|Any CPU
		{6FB7A49B-06D2-4B20-B3A0-34886FD4A20D}.Release|Any CPU.Build.0 = Release|Any CPU
		{A9DD1D00-73CE-44DF-880B-67F545723680}.Debug|Any CPU.ActiveCfg = Debug|Any CPU
		{A9DD1D00-73CE-44DF-880B-67F545723680}.Debug|Any CPU.Build.0 = Debug|Any CPU
		{A9DD1D00-73CE-44DF-880B-67F545723680}.Release|Any CPU.ActiveCfg = Release|Any CPU
		{A9DD1D00-73CE-44DF-880B-67F545723680}.Release|Any CPU.Build.0 = Release|Any CPU
	EndGlobalSection
	GlobalSection(SolutionProperties) = preSolution
		HideSolutionNode = FALSE
	EndGlobalSection
EndGlobal
